
Microsoft Visual Studio Solution File, Format Version 12.00
# Visual Studio Version 17
VisualStudioVersion = 17.9.34616.47
MinimumVisualStudioVersion = 10.0.40219.1
Project("{FAE04EC0-301F-11D3-BF4B-00C04F79EFBC}") = "Pong", "Pong.csproj", "{FB1E5C12-5A3D-4C5B-B102-683FFCE1EFCC}"
EndProject
Global
	GlobalSection(SolutionConfigurationPlatforms) = preSolution
		Debug|Any CPU = Debug|Any CPU
		Release|Any CPU = Release|Any CPU
	EndGlobalSection
	GlobalSection(ProjectConfigurationPlatforms) = postSolution
		{FB1E5C12-5A3D-4C5B-B102-683FFCE1EFCC}.Debug|Any CPU.ActiveCfg = Debug|Any CPU
		{FB1E5C12-5A3D-4C5B-B102-683FFCE1EFCC}.Debug|Any CPU.Build.0 = Debug|Any CPU
		{FB1E5C12-5A3D-4C5B-B102-683FFCE1EFCC}.Release|Any CPU.ActiveCfg = Release|Any CPU
		{FB1E5C12-5A3D-4C5B-B102-683FFCE1EFCC}.Release|Any CPU.Build.0 = Release|Any CPU
	EndGlobalSection
	GlobalSection(SolutionProperties) = preSolution
		HideSolutionNode = FALSE
	EndGlobalSection
	GlobalSection(ExtensibilityGlobals) = postSolution
		SolutionGuid = {B69BB151-6D13-4658-920B-5B77E5ADAA37}
	EndGlobalSection
EndGlobal
